
Microsoft Visual Studio Solution File, Format Version 12.00
# Visual Studio 14
VisualStudioVersion = 14.0.25420.1
MinimumVisualStudioVersion = 10.0.40219.1
Project("{FAE04EC0-301F-11D3-BF4B-00C04F79EFBC}") = "Team12_SSIS", "Team12_SSIS\Team12_SSIS.csproj", "{4490A1DF-A7BF-47FD-9F69-B07C9104128F}"
EndProject
Project("{FAE04EC0-301F-11D3-BF4B-00C04F79EFBC}") = "UnitTest", "UnitTest\UnitTest.csproj", "{76683D52-F345-4775-AC6C-A38DF0DDC46C}"
EndProject
Global
	GlobalSection(SolutionConfigurationPlatforms) = preSolution
		Debug|Any CPU = Debug|Any CPU
		Release|Any CPU = Release|Any CPU
	EndGlobalSection
	GlobalSection(ProjectConfigurationPlatforms) = postSolution
		{4490A1DF-A7BF-47FD-9F69-B07C9104128F}.Debug|Any CPU.ActiveCfg = Debug|Any CPU
		{4490A1DF-A7BF-47FD-9F69-B07C9104128F}.Debug|Any CPU.Build.0 = Debug|Any CPU
		{4490A1DF-A7BF-47FD-9F69-B07C9104128F}.Release|Any CPU.ActiveCfg = Release|Any CPU
		{4490A1DF-A7BF-47FD-9F69-B07C9104128F}.Release|Any CPU.Build.0 = Release|Any CPU
		{76683D52-F345-4775-AC6C-A38DF0DDC46C}.Debug|Any CPU.ActiveCfg = Debug|Any CPU
		{76683D52-F345-4775-AC6C-A38DF0DDC46C}.Debug|Any CPU.Build.0 = Debug|Any CPU
		{76683D52-F345-4775-AC6C-A38DF0DDC46C}.Release|Any CPU.ActiveCfg = Release|Any CPU
		{76683D52-F345-4775-AC6C-A38DF0DDC46C}.Release|Any CPU.Build.0 = Release|Any CPU
	EndGlobalSection
	GlobalSection(SolutionProperties) = preSolution
		HideSolutionNode = FALSE
	EndGlobalSection
	GlobalSection(ExtensibilityGlobals) = postSolution
		SolutionGuid = {27531313-0B36-4FF4-A521-AA22384A0AF2}
	EndGlobalSection
EndGlobal
